// !$*UTF8*$!
{
	archiveVersion = 1;
	classes = {
	};
	objectVersion = 46;
	objects = {

/* Begin PBXBuildFile section */
		3AC2ACE31C97D71600CDB6C6 /* main.m in Sources */ = {isa = PBXBuildFile; fileRef = 3AC2ACE21C97D71600CDB6C6 /* main.m */; };
		3AC2ACE61C97D71600CDB6C6 /* AppDelegate.m in Sources */ = {isa = PBXBuildFile; fileRef = 3AC2ACE51C97D71600CDB6C6 /* AppDelegate.m */; };
		3AC2ACE91C97D71600CDB6C6 /* ViewController.m in Sources */ = {isa = PBXBuildFile; fileRef = 3AC2ACE81C97D71600CDB6C6 /* ViewController.m */; };
		3AC2ACEC1C97D71600CDB6C6 /* Main.storyboard in Resources */ = {isa = PBXBuildFile; fileRef = 3AC2ACEA1C97D71600CDB6C6 /* Main.storyboard */; };
		3AC2ACEF1C97D71600CDB6C6 /* PictureInspect.xcdatamodeld in Sources */ = {isa = PBXBuildFile; fileRef = 3AC2ACED1C97D71600CDB6C6 /* PictureInspect.xcdatamodeld */; };
		3AC2ACF11C97D71600CDB6C6 /* Assets.xcassets in Resources */ = {isa = PBXBuildFile; fileRef = 3AC2ACF01C97D71600CDB6C6 /* Assets.xcassets */; };
		3AC2ACF41C97D71600CDB6C6 /* LaunchScreen.storyboard in Resources */ = {isa = PBXBuildFile; fileRef = 3AC2ACF21C97D71600CDB6C6 /* LaunchScreen.storyboard */; };
		3AC2ACFC1C9830F900CDB6C6 /* ImageList.plist in Resources */ = {isa = PBXBuildFile; fileRef = 3AC2ACFB1C9830F900CDB6C6 /* ImageList.plist */; settings = {ASSET_TAGS = (); }; };
/* End PBXBuildFile section */

/* Begin PBXFileReference section */
		3AC2ACDE1C97D71600CDB6C6 /* PictureInspect.app */ = {isa = PBXFileReference; explicitFileType = wrapper.application; includeInIndex = 0; path = PictureInspect.app; sourceTree = BUILT_PRODUCTS_DIR; };
		3AC2ACE21C97D71600CDB6C6 /* main.m */ = {isa = PBXFileReference; lastKnownFileType = sourcecode.c.objc; path = main.m; sourceTree = "<group>"; };
		3AC2ACE41C97D71600CDB6C6 /* AppDelegate.h */ = {isa = PBXFileReference; lastKnownFileType = sourcecode.c.h; path = AppDelegate.h; sourceTree = "<group>"; };
		3AC2ACE51C97D71600CDB6C6 /* AppDelegate.m */ = {isa = PBXFileReference; lastKnownFileType = sourcecode.c.objc; path = AppDelegate.m; sourceTree = "<group>"; };
		3AC2ACE71C97D71600CDB6C6 /* ViewController.h */ = {isa = PBXFileReference; lastKnownFileType = sourcecode.c.h; path = ViewController.h; sourceTree = "<group>"; };
		3AC2ACE81C97D71600CDB6C6 /* ViewController.m */ = {isa = PBXFileReference; lastKnownFileType = sourcecode.c.objc; path = ViewController.m; sourceTree = "<group>"; };
		3AC2ACEB1C97D71600CDB6C6 /* Base */ = {isa = PBXFileReference; lastKnownFileType = file.storyboard; name = Base; path = Base.lproj/Main.storyboard; sourceTree = "<group>"; };
		3AC2ACEE1C97D71600CDB6C6 /* PictureInspect.xcdatamodel */ = {isa = PBXFileReference; lastKnownFileType = wrapper.xcdatamodel; path = PictureInspect.xcdatamodel; sourceTree = "<group>"; };
		3AC2ACF01C97D71600CDB6C6 /* Assets.xcassets */ = {isa = PBXFileReference; lastKnownFileType = folder.assetcatalog; path = Assets.xcassets; sourceTree = "<group>"; };
		3AC2ACF31C97D71600CDB6C6 /* Base */ = {isa = PBXFileReference; lastKnownFileType = file.storyboard; name = Base; path = Base.lproj/LaunchScreen.storyboard; sourceTree = "<group>"; };
		3AC2ACF51C97D71600CDB6C6 /* Info.plist */ = {isa = PBXFileReference; lastKnownFileType = text.plist.xml; path = Info.plist; sourceTree = "<group>"; };
		3AC2ACFB1C9830F900CDB6C6 /* ImageList.plist */ = {isa = PBXFileReference; fileEncoding = 4; lastKnownFileType = text.plist.xml; path = ImageList.plist; sourceTree = "<group>"; };
/* End PBXFileReference section */

/* Begin PBXFrameworksBuildPhase section */
		3AC2ACDB1C97D71600CDB6C6 /* Frameworks */ = {
			isa = PBXFrameworksBuildPhase;
			buildActionMask = 2147483647;
			files = (
			);
			runOnlyForDeploymentPostprocessing = 0;
		};
/* End PBXFrameworksBuildPhase section */

/* Begin PBXGroup section */
		3AC2ACD51C97D71600CDB6C6 = {
			isa = PBXGroup;
			children = (
				3AC2ACE01C97D71600CDB6C6 /* PictureInspect */,
				3AC2ACDF1C97D71600CDB6C6 /* Products */,
			);
			sourceTree = "<group>";
		};
		3AC2ACDF1C97D71600CDB6C6 /* Products */ = {
			isa = PBXGroup;
			children = (
				3AC2ACDE1C97D71600CDB6C6 /* PictureInspect.app */,
			);
			name = Products;
			sourceTree = "<group>";
		};
		3AC2ACE01C97D71600CDB6C6 /* PictureInspect */ = {
			isa = PBXGroup;
			children = (
				3AC2ACE41C97D71600CDB6C6 /* AppDelegate.h */,
				3AC2ACE51C97D71600CDB6C6 /* AppDelegate.m */,
				3AC2ACE71C97D71600CDB6C6 /* ViewController.h */,
				3AC2ACE81C97D71600CDB6C6 /* ViewController.m */,
				3AC2ACEA1C97D71600CDB6C6 /* Main.storyboard */,
				3AC2ACF01C97D71600CDB6C6 /* Assets.xcassets */,
				3AC2ACF21C97D71600CDB6C6 /* LaunchScreen.storyboard */,
				3AC2ACF51C97D71600CDB6C6 /* Info.plist */,
				3AC2ACED1C97D71600CDB6C6 /* PictureInspect.xcdatamodeld */,
				3AC2ACE11C97D71600CDB6C6 /* Supporting Files */,
				3AC2ACFB1C9830F900CDB6C6 /* ImageList.plist */,
			);
			path = PictureInspect;
			sourceTree = "<group>";
		};
		3AC2ACE11C97D71600CDB6C6 /* Supporting Files */ = {
			isa = PBXGroup;
			children = (
				3AC2ACE21C97D71600CDB6C6 /* main.m */,
			);
			name = "Supporting Files";
			sourceTree = "<group>";
		};
/* End PBXGroup section */

/* Begin PBXNativeTarget section */
		3AC2ACDD1C97D71600CDB6C6 /* PictureInspect */ = {
			isa = PBXNativeTarget;
			buildConfigurationList = 3AC2ACF81C97D71600CDB6C6 /* Build configuration list for PBXNativeTarget "PictureInspect" */;
			buildPhases = (
				3AC2ACDA1C97D71600CDB6C6 /* Sources */,
				3AC2ACDB1C97D71600CDB6C6 /* Frameworks */,
				3AC2ACDC1C97D71600CDB6C6 /* Resources */,
			);
			buildRules = (
			);
			dependencies = (
			);
			name = PictureInspect;
			productName = PictureInspect;
			productReference = 3AC2ACDE1C97D71600CDB6C6 /* PictureInspect.app */;
			productType = "com.apple.product-type.application";
		};
/* End PBXNativeTarget section */

/* Begin PBXProject section */
		3AC2ACD61C97D71600CDB6C6 /* Project object */ = {
			isa = PBXProject;
			attributes = {
				LastUpgradeCheck = 0700;
				ORGANIZATIONNAME = zz;
				TargetAttributes = {
					3AC2ACDD1C97D71600CDB6C6 = {
						CreatedOnToolsVersion = 7.0.1;
						DevelopmentTeam = W43L35B85T;
					};
				};
			};
			buildConfigurationList = 3AC2ACD91C97D71600CDB6C6 /* Build configuration list for PBXProject "PictureInspect" */;
			compatibilityVersion = "Xcode 3.2";
			developmentRegion = English;
			hasScannedForEncodings = 0;
			knownRegions = (
				en,
				Base,
			);
			mainGroup = 3AC2ACD51C97D71600CDB6C6;
			productRefGroup = 3AC2ACDF1C97D71600CDB6C6 /* Products */;
			projectDirPath = "";
			projectRoot = "";
			targets = (
				3AC2ACDD1C97D71600CDB6C6 /* PictureInspect */,
			);
		};
/* End PBXProject section */

/* Begin PBXResourcesBuildPhase section */
		3AC2ACDC1C97D71600CDB6C6 /* Resources */ = {
			isa = PBXResourcesBuildPhase;
			buildActionMask = 2147483647;
			files = (
				3AC2ACFC1C9830F900CDB6C6 /* ImageList.plist in Resources */,
				3AC2ACF41C97D71600CDB6C6 /* LaunchScreen.storyboard in Resources */,
				3AC2ACF11C97D71600CDB6C6 /* Assets.xcassets in Resources */,
				3AC2ACEC1C97D71600CDB6C6 /* Main.storyboard in Resources */,
			);
			runOnlyForDeploymentPostprocessing = 0;
		};
/* End PBXResourcesBuildPhase section */

/* Begin PBXSourcesBuildPhase section */
		3AC2ACDA1C97D71600CDB6C6 /* Sources */ = {
			isa = PBXSourcesBuildPhase;
			buildActionMask = 2147483647;
			files = (
				3AC2ACE91C97D71600CDB6C6 /* ViewController.m in Sources */,
				3AC2ACEF1C97D71600CDB6C6 /* PictureInspect.xcdatamodeld in Sources */,
				3AC2ACE61C97D71600CDB6C6 /* AppDelegate.m in Sources */,
				3AC2ACE31C97D71600CDB6C6 /* main.m in Sources */,
			);
			runOnlyForDeploymentPostprocessing = 0;
		};
/* End PBXSourcesBuildPhase section */

/* Begin PBXVariantGroup section */
		3AC2ACEA1C97D71600CDB6C6 /* Main.storyboard */ = {
			isa = PBXVariantGroup;
			children = (
				3AC2ACEB1C97D71600CDB6C6 /* Base */,
			);
			name = Main.storyboard;
			sourceTree = "<group>";
		};
		3AC2ACF21C97D71600CDB6C6 /* LaunchScreen.storyboard */ = {
			isa = PBXVariantGroup;
			children = (
				3AC2ACF31C97D71600CDB6C6 /* Base */,
			);
			name = LaunchScreen.storyboard;
			sourceTree = "<group>";
		};
/* End PBXVariantGroup section */

/* Begin XCBuildConfiguration section */
		3AC2ACF61C97D71600CDB6C6 /* Debug */ = {
			isa = XCBuildConfiguration;
			buildSettings = {
				ALWAYS_SEARCH_USER_PATHS = NO;
				CLANG_CXX_LANGUAGE_STANDARD = "gnu++0x";
				CLANG_CXX_LIBRARY = "libc++";
				CLANG_ENABLE_MODULES = YES;
				CLANG_ENABLE_OBJC_ARC = YES;
				CLANG_WARN_BOOL_CONVERSION = YES;
				CLANG_WARN_CONSTANT_CONVERSION = YES;
				CLANG_WARN_DIRECT_OBJC_ISA_USAGE = YES_ERROR;
				CLANG_WARN_EMPTY_BODY = YES;
				CLANG_WARN_ENUM_CONVERSION = YES;
				CLANG_WARN_INT_CONVERSION = YES;
				CLANG_WARN_OBJC_ROOT_CLASS = YES_ERROR;
				CLANG_WARN_UNREACHABLE_CODE = YES;
				CLANG_WARN__DUPLICATE_METHOD_MATCH = YES;
				"CODE_SIGN_IDENTITY[sdk=iphoneos*]" = "iPhone Developer";
				COPY_PHASE_STRIP = NO;
				DEBUG_INFORMATION_FORMAT = dwarf;
				ENABLE_STRICT_OBJC_MSGSEND = YES;
				ENABLE_TESTABILITY = YES;
				GCC_C_LANGUAGE_STANDARD = gnu99;
				GCC_DYNAMIC_NO_PIC = NO;
				GCC_NO_COMMON_BLOCKS = YES;
				GCC_OPTIMIZATION_LEVEL = 0;
				GCC_PREPROCESSOR_DEFINITIONS = (
					"DEBUG=1",
					"$(inherited)",
				);
				GCC_WARN_64_TO_32_BIT_CONVERSION = YES;
				GCC_WARN_ABOUT_RETURN_TYPE = YES_ERROR;
				GCC_WARN_UNDECLARED_SELECTOR = YES;
				GCC_WARN_UNINITIALIZED_AUTOS = YES_AGGRESSIVE;
				GCC_WARN_UNUSED_FUNCTION = YES;
				GCC_WARN_UNUSED_VARIABLE = YES;
				IPHONEOS_DEPLOYMENT_TARGET = 9.0;
				MTL_ENABLE_DEBUG_INFO = YES;
				ONLY_ACTIVE_ARCH = YES;
				SDKROOT = iphoneos;
			};
			name = Debug;
		};
		3AC2ACF71C97D71600CDB6C6 /* Release */ = {
			isa = XCBuildConfiguration;
			buildSettings = {
				ALWAYS_SEARCH_USER_PATHS = NO;
				CLANG_CXX_LANGUAGE_STANDARD = "gnu++0x";
				CLANG_CXX_LIBRARY = "libc++";
				CLANG_ENABLE_MODULES = YES;
				CLANG_ENABLE_OBJC_ARC = YES;
				CLANG_WARN_BOOL_CONVERSION = YES;
				CLANG_WARN_CONSTANT_CONVERSION = YES;
				CLANG_WARN_DIRECT_OBJC_ISA_USAGE = YES_ERROR;
				CLANG_WARN_EMPTY_BODY = YES;
				CLANG_WARN_ENUM_CONVERSION = YES;
				CLANG_WARN_INT_CONVERSION = YES;
				CLANG_WARN_OBJC_ROOT_CLASS = YES_ERROR;
				CLANG_WARN_UNREACHABLE_CODE = YES;
				CLANG_WARN__DUPLICATE_METHOD_MATCH = YES;
				"CODE_SIGN_IDENTITY[sdk=iphoneos*]" = "iPhone Developer";
				COPY_PHASE_STRIP = NO;
				DEBUG_INFORMATION_FORMAT = "dwarf-with-dsym";
				ENABLE_NS_ASSERTIONS = NO;
				ENABLE_STRICT_OBJC_MSGSEND = YES;
				GCC_C_LANGUAGE_STANDARD = gnu99;
				GCC_NO_COMMON_BLOCKS = YES;
				GCC_WARN_64_TO_32_BIT_CONVERSION = YES;
				GCC_WARN_ABOUT_RETURN_TYPE = YES_ERROR;
				GCC_WARN_UNDECLARED_SELECTOR = YES;
				GCC_WARN_UNINITIALIZED_AUTOS = YES_AGGRESSIVE;
				GCC_WARN_UNUSED_FUNCTION = YES;
				GCC_WARN_UNUSED_VARIABLE = YES;
				IPHONEOS_DEPLOYMENT_TARGET = 9.0;
				MTL_ENABLE_DEBUG_INFO = NO;
				SDKROOT = iphoneos;
				VALIDATE_PRODUCT = YES;
			};
			name = Release;
		};
		3AC2ACF91C97D71600CDB6C6 /* Debug */ = {
			isa = XCBuildConfiguration;
			buildSettings = {
				ASSETCATALOG_COMPILER_APPICON_NAME = AppIcon;
				INFOPLIST_FILE = PictureInspect/Info.plist;
				LD_RUNPATH_SEARCH_PATHS = "$(inherited) @executable_path/Frameworks";
				PRODUCT_BUNDLE_IDENTIFIER = zhenghao.PictureInspect;
				PRODUCT_NAME = "$(TARGET_NAME)";
			};
			name = Debug;
		};
		3AC2ACFA1C97D71600CDB6C6 /* Release */ = {
			isa = XCBuildConfiguration;
			buildSettings = {
				ASSETCATALOG_COMPILER_APPICON_NAME = AppIcon;
				INFOPLIST_FILE = PictureInspect/Info.plist;
				LD_RUNPATH_SEARCH_PATHS = "$(inherited) @executable_path/Frameworks";
				PRODUCT_BUNDLE_IDENTIFIER = zhenghao.PictureInspect;
				PRODUCT_NAME = "$(TARGET_NAME)";
			};
			name = Release;
		};
/* End XCBuildConfiguration section */

/* Begin XCConfigurationList section */
		3AC2ACD91C97D71600CDB6C6 /* Build configuration list for PBXProject "PictureInspect" */ = {
			isa = XCConfigurationList;
			buildConfigurations = (
				3AC2ACF61C97D71600CDB6C6 /* Debug */,
				3AC2ACF71C97D71600CDB6C6 /* Release */,
			);
			defaultConfigurationIsVisible = 0;
			defaultConfigurationName = Release;
		};
		3AC2ACF81C97D71600CDB6C6 /* Build configuration list for PBXNativeTarget "PictureInspect" */ = {
			isa = XCConfigurationList;
			buildConfigurations = (
				3AC2ACF91C97D71600CDB6C6 /* Debug */,
				3AC2ACFA1C97D71600CDB6C6 /* Release */,
			);
			defaultConfigurationIsVisible = 0;
		};
/* End XCConfigurationList section */

/* Begin XCVersionGroup section */
		3AC2ACED1C97D71600CDB6C6 /* PictureInspect.xcdatamodeld */ = {
			isa = XCVersionGroup;
			children = (
				3AC2ACEE1C97D71600CDB6C6 /* PictureInspect.xcdatamodel */,
			);
			currentVersion = 3AC2ACEE1C97D71600CDB6C6 /* PictureInspect.xcdatamodel */;
			path = PictureInspect.xcdatamodeld;
			sourceTree = "<group>";
			versionGroupType = wrapper.xcdatamodel;
		};
/* End XCVersionGroup section */
	};
	rootObject = 3AC2ACD61C97D71600CDB6C6 /* Project object */;
}
